
Microsoft Visual Studio Solution File, Format Version 12.00
# Visual Studio Version 17
VisualStudioVersion = 17.4.33205.214
MinimumVisualStudioVersion = 10.0.40219.1
Project("{2150E333-8FDC-42A3-9474-1A3956D46DE8}") = "Services", "Services", "{64B1F419-18BF-4A23-810C-47B5FDD3C2E8}"
EndProject
Project("{2150E333-8FDC-42A3-9474-1A3956D46DE8}") = "Catalog", "Catalog", "{CD1AB819-8D67-4DAA-9FDB-71369FCC0257}"
EndProject
Project("{9A19103F-16F7-4668-BE54-9A1E7A4F7556}") = "Catalog.API", "Services\Catalog\Catalog.API\Catalog.API.csproj", "{21C88384-8B09-4D17-963D-E3084C6D05F4}"
EndProject
Project("{E53339B2-1760-4266-BCC7-CA923CBCF16C}") = "docker-compose", "docker-compose.dcproj", "{B65E853E-2202-4D9D-9839-6FEC92378B9C}"
EndProject
Project("{2150E333-8FDC-42A3-9474-1A3956D46DE8}") = "Basket", "Basket", "{116FE509-DAC9-4DC4-AC03-FA8679918429}"
EndProject
Project("{FAE04EC0-301F-11D3-BF4B-00C04F79EFBC}") = "Basket.API", "Services\Basket\Basket.API\Basket.API.csproj", "{641E8EB5-5406-428F-B860-35018C7D30BE}"
EndProject
Global
	GlobalSection(SolutionConfigurationPlatforms) = preSolution
		Debug|Any CPU = Debug|Any CPU
		Release|Any CPU = Release|Any CPU
	EndGlobalSection
	GlobalSection(ProjectConfigurationPlatforms) = postSolution
		{21C88384-8B09-4D17-963D-E3084C6D05F4}.Debug|Any CPU.ActiveCfg = Debug|Any CPU
		{21C88384-8B09-4D17-963D-E3084C6D05F4}.Debug|Any CPU.Build.0 = Debug|Any CPU
		{21C88384-8B09-4D17-963D-E3084C6D05F4}.Release|Any CPU.ActiveCfg = Release|Any CPU
		{21C88384-8B09-4D17-963D-E3084C6D05F4}.Release|Any CPU.Build.0 = Release|Any CPU
		{B65E853E-2202-4D9D-9839-6FEC92378B9C}.Debug|Any CPU.ActiveCfg = Debug|Any CPU
		{B65E853E-2202-4D9D-9839-6FEC92378B9C}.Debug|Any CPU.Build.0 = Debug|Any CPU
		{B65E853E-2202-4D9D-9839-6FEC92378B9C}.Release|Any CPU.ActiveCfg = Release|Any CPU
		{B65E853E-2202-4D9D-9839-6FEC92378B9C}.Release|Any CPU.Build.0 = Release|Any CPU
		{641E8EB5-5406-428F-B860-35018C7D30BE}.Debug|Any CPU.ActiveCfg = Debug|Any CPU
		{641E8EB5-5406-428F-B860-35018C7D30BE}.Debug|Any CPU.Build.0 = Debug|Any CPU
		{641E8EB5-5406-428F-B860-35018C7D30BE}.Release|Any CPU.ActiveCfg = Release|Any CPU
		{641E8EB5-5406-428F-B860-35018C7D30BE}.Release|Any CPU.Build.0 = Release|Any CPU
	EndGlobalSection
	GlobalSection(SolutionProperties) = preSolution
		HideSolutionNode = FALSE
	EndGlobalSection
	GlobalSection(NestedProjects) = preSolution
		{CD1AB819-8D67-4DAA-9FDB-71369FCC0257} = {64B1F419-18BF-4A23-810C-47B5FDD3C2E8}
		{21C88384-8B09-4D17-963D-E3084C6D05F4} = {CD1AB819-8D67-4DAA-9FDB-71369FCC0257}
		{116FE509-DAC9-4DC4-AC03-FA8679918429} = {64B1F419-18BF-4A23-810C-47B5FDD3C2E8}
		{641E8EB5-5406-428F-B860-35018C7D30BE} = {116FE509-DAC9-4DC4-AC03-FA8679918429}
	EndGlobalSection
	GlobalSection(ExtensibilityGlobals) = postSolution
		SolutionGuid = {887FBC11-09FE-4565-9F6F-1F8ED002DE48}
	EndGlobalSection
EndGlobal
